{
  "nodes": {
    "dag": {
      "locked": {
        "lastModified": 1776409857,
        "narHash": "sha256-Oe2lNRE1RyjVu1xZ3PK5uYEFszIEWEpch7c/NLKvjvM=",
        "owner": "denful",
        "repo": "dag",
        "rev": "c85fa5c7b6970ff90f79a3f2b645696195609930",
        "type": "github"
      },
      "original": {
        "owner": "denful",
        "repo": "dag",
        "type": "github"
      }
    },
    "flake-compat": {
      "flake": false,
      "locked": {
        "lastModified": 1777699697,
        "narHash": "sha256-Eg9b/rq/ECYwNwEXs5i9wHyhxNI0JrYx2srdI2uZMaQ=",
        "ref": "refs/heads/main",
        "rev": "382052b74656a369c5408822af3f2501e9b1af81",
        "revCount": 94,
        "type": "git",
        "url": "https://git.lix.systems/lix-project/flake-compat.git"
      },
      "original": {
        "type": "git",
        "url": "https://git.lix.systems/lix-project/flake-compat.git"
      }
    },
    "flake-compat_2": {
      "flake": false,
      "locked": {
        "lastModified": 1767039857,
        "narHash": "sha256-vNpUSpF5Nuw8xvDLj2KCwwksIbjua2LZCqhV1LNRDns=",
        "owner": "NixOS",
        "repo": "flake-compat",
        "rev": "5edf11c44bc78a0d334f6334cdaf7d60d732daab",
        "type": "github"
      },
      "original": {
        "owner": "NixOS",
        "repo": "flake-compat",
        "type": "github"
      }
    },
    "flake-file": {
      "locked": {
        "lastModified": 1790698230,
        "narHash": "sha256-24oUHm2evb57Dgu46X41rLY9ue/au47nxbaUTo6lJVc=",
        "owner": "denful",
        "repo": "flake-file",
        "rev": "91280a19eede3b3035e3889a3523c27e8fc07886",
        "type": "github"
      },
      "original": {
        "owner": "denful",
        "repo": "flake-file",
        "type": "github"
      }
    },
    "flake-file_2": {
      "locked": {
        "lastModified": 1779051720,
        "narHash": "sha256-+jbXnODsR19pFKB0x/6kHhFgW6yV6N+CGClFr45eDU8=",
        "owner": "vic",
        "repo": "flake-file",
        "rev": "c58eb27d9434e5be0c8693f1eb18d47035bc21ba",
        "type": "github"
      },
      "original": {
        "owner": "vic",
        "repo": "flake-file",
        "type": "github"
      }
    },
    "flake-parts": {
      "inputs": {
        "nixpkgs-lib": [
          "nixpkgs"
        ]
      },
      "locked": {
        "lastModified": 1790898470,
        "narHash": "sha256-zTwuwezD0w3hpga6a6P8emidzAZFyWqlNeRBlpWOOl8=",
        "owner": "hercules-ci",
        "repo": "flake-parts",
        "rev": "024633cd702b10285db5cb19b40ad48d2399ba60",
        "type": "github"
      },
      "original": {
        "owner": "hercules-ci",
        "repo": "flake-parts",
        "type": "github"
      }
    },
    "flake-parts_2": {
      "inputs": {
        "nixpkgs-lib": [
          "zsh-flake",
          "nixpkgs"
        ]
      },
      "locked": {
        "lastModified": 1778716662,
        "narHash": "sha256-m1Yf0wZ8j1OHjTc2UwHwyQRSnNeSgLJOd7q5Y45hzi4=",
        "owner": "hercules-ci",
        "repo": "flake-parts",
        "rev": "f7c1a2d347e4c52d5fb8d10cb4d94b5884e546fb",
        "type": "github"
      },
      "original": {
        "owner": "hercules-ci",
        "repo": "flake-parts",
        "type": "github"
      }
    },
    "git-hooks-nix": {
      "inputs": {
        "flake-compat": "flake-compat_2",
        "gitignore": "gitignore",
        "nixpkgs": [
          "zsh-flake",
          "nixpkgs"
        ]
      },
      "locked": {
        "lastModified": 1778507602,
        "narHash": "sha256-kTwur1wV+01SdqskVMSo6JMEpg71ps3HpbFY2GsflKs=",
        "owner": "cachix",
        "repo": "git-hooks.nix",
        "rev": "61ab0e80d9c7ab14c256b5b453d8b3fb0189ba0a",
        "type": "github"
      },
      "original": {
        "owner": "cachix",
        "repo": "git-hooks.nix",
        "type": "github"
      }
    },
    "gitignore": {
      "inputs": {
        "nixpkgs": [
          "zsh-flake",
          "git-hooks-nix",
          "nixpkgs"
        ]
      },
      "locked": {
        "lastModified": 1709087332,
        "narHash": "sha256-HG2cCnktfHsKV0s4XW83gU3F57gaTljL9KNSuG6bnQs=",
        "owner": "hercules-ci",
        "repo": "gitignore.nix",
        "rev": "637db329424fd7e46cf4185293b9cc8c88c95394",
        "type": "github"
      },
      "original": {
        "owner": "hercules-ci",
        "repo": "gitignore.nix",
        "type": "github"
      }
    },
    "import-tree": {
      "locked": {
        "lastModified": 1788467110,
        "narHash": "sha256-ljEMTXP/rH0tOvDzc9gzwww6KcHRPRnEHzd9lK48V7s=",
        "owner": "vic",
        "repo": "import-tree",
        "rev": "eb1b52eaecc57f7c136d07ae8a93e724dfecac46",
        "type": "github"
      },
      "original": {
        "owner": "vic",
        "repo": "import-tree",
        "type": "github"
      }
    },
    "import-tree_2": {
      "locked": {
        "lastModified": 1778781969,
        "narHash": "sha256-Jjuz5CmSkur8KvLDoGa+vylEp+RkQtv4mt/qcMznpH0=",
        "owner": "vic",
        "repo": "import-tree",
        "rev": "d321337efd0f23a9eb14a42adb7b2c29313ab274",
        "type": "github"
      },
      "original": {
        "owner": "vic",
        "repo": "import-tree",
        "type": "github"
      }
    },
    "mnw": {
      "locked": {
        "lastModified": 1784154424,
        "narHash": "sha256-HRn4O1X2ShYtbq5Egji72/aemyc2cIQicjRZD9hBqM8=",
        "owner": "Gerg-L",
        "repo": "mnw",
        "rev": "0151d9fa87992cbeb67c86616fb9170dcec830b6",
        "type": "github"
      },
      "original": {
        "owner": "Gerg-L",
        "repo": "mnw",
        "type": "github"
      }
    },
    "nixpkgs": {
      "locked": {
        "lastModified": 1791031588,
        "narHash": "sha256-/FGDr01siZ8txrVzkOz6CYjiz0XR27JuVJP+aWchi4s=",
        "owner": "NixOS",
        "repo": "nixpkgs",
        "rev": "825e2028c29b702a4a5f085f08095d12099784f2",
        "type": "github"
      },
      "original": {
        "owner": "NixOS",
        "ref": "nixos-26.05",
        "repo": "nixpkgs",
        "type": "github"
      }
    },
    "nixpkgs-unstable": {
      "locked": {
        "lastModified": 1790822859,
        "narHash": "sha256-69xHQhAeMAD2wDXO7T2pcOZIF9Sga2W+JkmY2a11Ops=",
        "owner": "NixOS",
        "repo": "nixpkgs",
        "rev": "c59305bab2065cfecc4944690d9eedbb56f3a9fa",
        "type": "github"
      },
      "original": {
        "owner": "NixOS",
        "ref": "nixos-unstable",
        "repo": "nixpkgs",
        "type": "github"
      }
    },
    "nixpkgs_2": {
      "locked": {
        "lastModified": 1790046670,
        "narHash": "sha256-OJe62m8gZx4xEAQnMcqH1u31/uu4Xf0q2ykAEHZfgrg=",
        "rev": "6774f7bc253789b113a4f39285dc0fa100abeacc",
        "type": "tarball",
        "url": "https://releases.nixos.org/nixos/unstable/nixos-26.11pre1077996.6774f7bc2537/nixexprs.tar.xz"
      },
      "original": {
        "type": "tarball",
        "url": "https://channels.nixos.org/nixos-unstable/nixexprs.tar.xz"
      }
    },
    "nixpkgs_3": {
      "locked": {
        "lastModified": 1787394516,
        "narHash": "sha256-wS+SNrj0wobAXQONggzrpetnZ9E0FL7l0WVWDRQ77Sc=",
        "rev": "c8f90650c15282fa8656a041bfbbd2403997a9a7",
        "type": "tarball",
        "url": "https://releases.nixos.org/nixpkgs/nixpkgs-26.11pre1059707.c8f90650c152/nixexprs.tar.xz"
      },
      "original": {
        "type": "tarball",
        "url": "https://channels.nixos.org/nixpkgs-unstable/nixexprs.tar.xz"
      }
    },
    "nvf": {
      "inputs": {
        "flake-compat": "flake-compat",
        "mnw": "mnw",
        "nixpkgs": "nixpkgs_2"
      },
      "locked": {
        "lastModified": 1791106120,
        "narHash": "sha256-Ke6XaIjUewxYyDZrkQokvs5I7yJhNV3Czn4PbGskhQ0=",
        "owner": "notashelf",
        "repo": "nvf",
        "rev": "888cd55361046e6502e7a568ccc37fbf9d034948",
        "type": "github"
      },
      "original": {
        "owner": "notashelf",
        "repo": "nvf",
        "type": "github"
      }
    },
    "root": {
      "inputs": {
        "flake-file": "flake-file",
        "flake-parts": "flake-parts",
        "import-tree": "import-tree",
        "nixpkgs": "nixpkgs",
        "nixpkgs-unstable": "nixpkgs-unstable",
        "nvf": "nvf",
        "zsh-flake": "zsh-flake"
      }
    },
    "treefmt-nix": {
      "inputs": {
        "nixpkgs": [
          "zsh-flake",
          "nixpkgs"
        ]
      },
      "locked": {
        "lastModified": 1775636079,
        "narHash": "sha256-pc20NRoMdiar8oPQceQT47UUZMBTiMdUuWrYu2obUP0=",
        "owner": "numtide",
        "repo": "treefmt-nix",
        "rev": "790751ff7fd3801feeaf96d7dc416a8d581265ba",
        "type": "github"
      },
      "original": {
        "owner": "numtide",
        "repo": "treefmt-nix",
        "type": "github"
      }
    },
    "zsh-flake": {
      "inputs": {
        "dag": "dag",
        "flake-file": "flake-file_2",
        "flake-parts": "flake-parts_2",
        "git-hooks-nix": "git-hooks-nix",
        "import-tree": "import-tree_2",
        "nixpkgs": "nixpkgs_3",
        "treefmt-nix": "treefmt-nix"
      },
      "locked": {
        "lastModified": 1789489640,
        "narHash": "sha256-TgPKiREf1f2qh4G9C2yAoBvyVzjChcLmE3pz5iRKd0E=",
        "owner": "jarvahl",
        "repo": "zsh-flake",
        "rev": "9d2a3b57a31768c0785bef2a63e575295cbee260",
        "type": "github"
      },
      "original": {
        "owner": "jarvahl",
        "repo": "zsh-flake",
        "type": "github"
      }
    }
  },
  "root": "root",
  "version": 7
}
